
Microsoft Visual Studio Solution File, Format Version 10.00
# Visual Studio 2008
Project("{FAE04EC0-301F-11D3-BF4B-00C04F79EFBC}") = "Monarch", "Monarch\Monarch.csproj", "{028BE318-C0EF-4383-9F54-28C5E265D504}"
EndProject
Project("{FAE04EC0-301F-11D3-BF4B-00C04F79EFBC}") = "Monarch.Blog", "Monarch.Blog\Monarch.Blog.csproj", "{00523991-3CB5-4C5E-949D-210A7B4803DD}"
EndProject
Global
	GlobalSection(SolutionConfigurationPlatforms) = preSolution
		Debug|Any CPU = Debug|Any CPU
		Release|Any CPU = Release|Any CPU
	EndGlobalSection
	GlobalSection(ProjectConfigurationPlatforms) = postSolution
		{028BE318-C0EF-4383-9F54-28C5E265D504}.Debug|Any CPU.ActiveCfg = Debug|Any CPU
		{028BE318-C0EF-4383-9F54-28C5E265D504}.Debug|Any CPU.Build.0 = Debug|Any CPU
		{028BE318-C0EF-4383-9F54-28C5E265D504}.Release|Any CPU.ActiveCfg = Release|Any CPU
		{028BE318-C0EF-4383-9F54-28C5E265D504}.Release|Any CPU.Build.0 = Release|Any CPU
		{00523991-3CB5-4C5E-949D-210A7B4803DD}.Debug|Any CPU.ActiveCfg = Debug|Any CPU
		{00523991-3CB5-4C5E-949D-210A7B4803DD}.Debug|Any CPU.Build.0 = Debug|Any CPU
		{00523991-3CB5-4C5E-949D-210A7B4803DD}.Release|Any CPU.ActiveCfg = Release|Any CPU
		{00523991-3CB5-4C5E-949D-210A7B4803DD}.Release|Any CPU.Build.0 = Release|Any CPU
	EndGlobalSection
	GlobalSection(SolutionProperties) = preSolution
		HideSolutionNode = FALSE
	EndGlobalSection
EndGlobal
